// !$*UTF8*$!
{
	archiveVersion = 1;
	classes = {
	};
	objectVersion = 56;
	objects = {

/* Begin PBXBuildFile section */
		3289858A2BD179FE009E4A1B /* BirthdaysApp.swift in Sources */ = {isa = PBXBuildFile; fileRef = 328985892BD179FE009E4A1B /* BirthdaysApp.swift */; };
		3289858C2BD179FE009E4A1B /* ContentView.swift in Sources */ = {isa = PBXBuildFile; fileRef = 3289858B2BD179FE009E4A1B /* ContentView.swift */; };
		3289858E2BD17A00009E4A1B /* Assets.xcassets in Resources */ = {isa = PBXBuildFile; fileRef = 3289858D2BD17A00009E4A1B /* Assets.xcassets */; };
		328985912BD17A00009E4A1B /* Preview Assets.xcassets in Resources */ = {isa = PBXBuildFile; fileRef = 328985902BD17A00009E4A1B /* Preview Assets.xcassets */; };
		3289859B2BD17A01009E4A1B /* BirthdaysTests.swift in Sources */ = {isa = PBXBuildFile; fileRef = 3289859A2BD17A01009E4A1B /* BirthdaysTests.swift */; };
		328985A52BD17A01009E4A1B /* BirthdaysUITests.swift in Sources */ = {isa = PBXBuildFile; fileRef = 328985A42BD17A01009E4A1B /* BirthdaysUITests.swift */; };
		328985A72BD17A01009E4A1B /* BirthdaysUITestsLaunchTests.swift in Sources */ = {isa = PBXBuildFile; fileRef = 328985A62BD17A01009E4A1B /* BirthdaysUITestsLaunchTests.swift */; };
		328985B42BD17A2C009E4A1B /* Friend.swift in Sources */ = {isa = PBXBuildFile; fileRef = 328985B32BD17A2C009E4A1B /* Friend.swift */; };
/* End PBXBuildFile section */

/* Begin PBXContainerItemProxy section */
		328985972BD17A01009E4A1B /* PBXContainerItemProxy */ = {
			isa = PBXContainerItemProxy;
			containerPortal = 3289857E2BD179FE009E4A1B /* Project object */;
			proxyType = 1;
			remoteGlobalIDString = 328985852BD179FE009E4A1B;
			remoteInfo = Birthdays;
		};
		328985A12BD17A01009E4A1B /* PBXContainerItemProxy */ = {
			isa = PBXContainerItemProxy;
			containerPortal = 3289857E2BD179FE009E4A1B /* Project object */;
			proxyType = 1;
			remoteGlobalIDString = 328985852BD179FE009E4A1B;
			remoteInfo = Birthdays;
		};
/* End PBXContainerItemProxy section */

/* Begin PBXFileReference section */
		328985862BD179FE009E4A1B /* Birthdays.app */ = {isa = PBXFileReference; explicitFileType = wrapper.application; includeInIndex = 0; path = Birthdays.app; sourceTree = BUILT_PRODUCTS_DIR; };
		328985892BD179FE009E4A1B /* BirthdaysApp.swift */ = {isa = PBXFileReference; lastKnownFileType = sourcecode.swift; path = BirthdaysApp.swift; sourceTree = "<group>"; };
		3289858B2BD179FE009E4A1B /* ContentView.swift */ = {isa = PBXFileReference; lastKnownFileType = sourcecode.swift; path = ContentView.swift; sourceTree = "<group>"; };
		3289858D2BD17A00009E4A1B /* Assets.xcassets */ = {isa = PBXFileReference; lastKnownFileType = folder.assetcatalog; path = Assets.xcassets; sourceTree = "<group>"; };
		328985902BD17A00009E4A1B /* Preview Assets.xcassets */ = {isa = PBXFileReference; lastKnownFileType = folder.assetcatalog; path = "Preview Assets.xcassets"; sourceTree = "<group>"; };
		328985962BD17A01009E4A1B /* BirthdaysTests.xctest */ = {isa = PBXFileReference; explicitFileType = wrapper.cfbundle; includeInIndex = 0; path = BirthdaysTests.xctest; sourceTree = BUILT_PRODUCTS_DIR; };
		3289859A2BD17A01009E4A1B /* BirthdaysTests.swift */ = {isa = PBXFileReference; lastKnownFileType = sourcecode.swift; path = BirthdaysTests.swift; sourceTree = "<group>"; };
		328985A02BD17A01009E4A1B /* BirthdaysUITests.xctest */ = {isa = PBXFileReference; explicitFileType = wrapper.cfbundle; includeInIndex = 0; path = BirthdaysUITests.xctest; sourceTree = BUILT_PRODUCTS_DIR; };
		328985A42BD17A01009E4A1B /* BirthdaysUITests.swift */ = {isa = PBXFileReference; lastKnownFileType = sourcecode.swift; path = BirthdaysUITests.swift; sourceTree = "<group>"; };
		328985A62BD17A01009E4A1B /* BirthdaysUITestsLaunchTests.swift */ = {isa = PBXFileReference; lastKnownFileType = sourcecode.swift; path = BirthdaysUITestsLaunchTests.swift; sourceTree = "<group>"; };
		328985B32BD17A2C009E4A1B /* Friend.swift */ = {isa = PBXFileReference; lastKnownFileType = sourcecode.swift; path = Friend.swift; sourceTree = "<group>"; };
/* End PBXFileReference section */

/* Begin PBXFrameworksBuildPhase section */
		328985832BD179FE009E4A1B /* Frameworks */ = {
			isa = PBXFrameworksBuildPhase;
			buildActionMask = 2147483647;
			files = (
			);
			runOnlyForDeploymentPostprocessing = 0;
		};
		328985932BD17A01009E4A1B /* Frameworks */ = {
			isa = PBXFrameworksBuildPhase;
			buildActionMask = 2147483647;
			files = (
			);
			runOnlyForDeploymentPostprocessing = 0;
		};
		3289859D2BD17A01009E4A1B /* Frameworks */ = {
			isa = PBXFrameworksBuildPhase;
			buildActionMask = 2147483647;
			files = (
			);
			runOnlyForDeploymentPostprocessing = 0;
		};
/* End PBXFrameworksBuildPhase section */

/* Begin PBXGroup section */
		3289857D2BD179FE009E4A1B = {
			isa = PBXGroup;
			children = (
				328985882BD179FE009E4A1B /* Birthdays */,
				328985992BD17A01009E4A1B /* BirthdaysTests */,
				328985A32BD17A01009E4A1B /* BirthdaysUITests */,
				328985872BD179FE009E4A1B /* Products */,
			);
			sourceTree = "<group>";
		};
		328985872BD179FE009E4A1B /* Products */ = {
			isa = PBXGroup;
			children = (
				328985862BD179FE009E4A1B /* Birthdays.app */,
				328985962BD17A01009E4A1B /* BirthdaysTests.xctest */,
				328985A02BD17A01009E4A1B /* BirthdaysUITests.xctest */,
			);
			name = Products;
			sourceTree = "<group>";
		};
		328985882BD179FE009E4A1B /* Birthdays */ = {
			isa = PBXGroup;
			children = (
				328985892BD179FE009E4A1B /* BirthdaysApp.swift */,
				3289858B2BD179FE009E4A1B /* ContentView.swift */,
				328985B32BD17A2C009E4A1B /* Friend.swift */,
				3289858D2BD17A00009E4A1B /* Assets.xcassets */,
				3289858F2BD17A00009E4A1B /* Preview Content */,
			);
			path = Birthdays;
			sourceTree = "<group>";
		};
		3289858F2BD17A00009E4A1B /* Preview Content */ = {
			isa = PBXGroup;
			children = (
				328985902BD17A00009E4A1B /* Preview Assets.xcassets */,
			);
			path = "Preview Content";
			sourceTree = "<group>";
		};
		328985992BD17A01009E4A1B /* BirthdaysTests */ = {
			isa = PBXGroup;
			children = (
				3289859A2BD17A01009E4A1B /* BirthdaysTests.swift */,
			);
			path = BirthdaysTests;
			sourceTree = "<group>";
		};
		328985A32BD17A01009E4A1B /* BirthdaysUITests */ = {
			isa = PBXGroup;
			children = (
				328985A42BD17A01009E4A1B /* BirthdaysUITests.swift */,
				328985A62BD17A01009E4A1B /* BirthdaysUITestsLaunchTests.swift */,
			);
			path = BirthdaysUITests;
			sourceTree = "<group>";
		};
/* End PBXGroup section */

/* Begin PBXNativeTarget section */
		328985852BD179FE009E4A1B /* Birthdays */ = {
			isa = PBXNativeTarget;
			buildConfigurationList = 328985AA2BD17A01009E4A1B /* Build configuration list for PBXNativeTarget "Birthdays" */;
			buildPhases = (
				328985822BD179FE009E4A1B /* Sources */,
				328985832BD179FE009E4A1B /* Frameworks */,
				328985842BD179FE009E4A1B /* Resources */,
			);
			buildRules = (
			);
			dependencies = (
			);
			name = Birthdays;
			productName = Birthdays;
			productReference = 328985862BD179FE009E4A1B /* Birthdays.app */;
			productType = "com.apple.product-type.application";
		};
		328985952BD17A01009E4A1B /* BirthdaysTests */ = {
			isa = PBXNativeTarget;
			buildConfigurationList = 328985AD2BD17A01009E4A1B /* Build configuration list for PBXNativeTarget "BirthdaysTests" */;
			buildPhases = (
				328985922BD17A01009E4A1B /* Sources */,
				328985932BD17A01009E4A1B /* Frameworks */,
				328985942BD17A01009E4A1B /* Resources */,
			);
			buildRules = (
			);
			dependencies = (
				328985982BD17A01009E4A1B /* PBXTargetDependency */,
			);
			name = BirthdaysTests;
			productName = BirthdaysTests;
			productReference = 328985962BD17A01009E4A1B /* BirthdaysTests.xctest */;
			productType = "com.apple.product-type.bundle.unit-test";
		};
		3289859F2BD17A01009E4A1B /* BirthdaysUITests */ = {
			isa = PBXNativeTarget;
			buildConfigurationList = 328985B02BD17A01009E4A1B /* Build configuration list for PBXNativeTarget "BirthdaysUITests" */;
			buildPhases = (
				3289859C2BD17A01009E4A1B /* Sources */,
				3289859D2BD17A01009E4A1B /* Frameworks */,
				3289859E2BD17A01009E4A1B /* Resources */,
			);
			buildRules = (
			);
			dependencies = (
				328985A22BD17A01009E4A1B /* PBXTargetDependency */,
			);
			name = BirthdaysUITests;
			productName = BirthdaysUITests;
			productReference = 328985A02BD17A01009E4A1B /* BirthdaysUITests.xctest */;
			productType = "com.apple.product-type.bundle.ui-testing";
		};
/* End PBXNativeTarget section */

/* Begin PBXProject section */
		3289857E2BD179FE009E4A1B /* Project object */ = {
			isa = PBXProject;
			attributes = {
				BuildIndependentTargetsInParallel = 1;
				LastSwiftUpdateCheck = 1530;
				LastUpgradeCheck = 1530;
				TargetAttributes = {
					328985852BD179FE009E4A1B = {
						CreatedOnToolsVersion = 15.3;
					};
					328985952BD17A01009E4A1B = {
						CreatedOnToolsVersion = 15.3;
						TestTargetID = 328985852BD179FE009E4A1B;
					};
					3289859F2BD17A01009E4A1B = {
						CreatedOnToolsVersion = 15.3;
						TestTargetID = 328985852BD179FE009E4A1B;
					};
				};
			};
			buildConfigurationList = 328985812BD179FE009E4A1B /* Build configuration list for PBXProject "Birthdays" */;
			compatibilityVersion = "Xcode 14.0";
			developmentRegion = en;
			hasScannedForEncodings = 0;
			knownRegions = (
				en,
				Base,
			);
			mainGroup = 3289857D2BD179FE009E4A1B;
			productRefGroup = 328985872BD179FE009E4A1B /* Products */;
			projectDirPath = "";
			projectRoot = "";
			targets = (
				328985852BD179FE009E4A1B /* Birthdays */,
				328985952BD17A01009E4A1B /* BirthdaysTests */,
				3289859F2BD17A01009E4A1B /* BirthdaysUITests */,
			);
		};
/* End PBXProject section */

/* Begin PBXResourcesBuildPhase section */
		328985842BD179FE009E4A1B /* Resources */ = {
			isa = PBXResourcesBuildPhase;
			buildActionMask = 2147483647;
			files = (
				328985912BD17A00009E4A1B /* Preview Assets.xcassets in Resources */,
				3289858E2BD17A00009E4A1B /* Assets.xcassets in Resources */,
			);
			runOnlyForDeploymentPostprocessing = 0;
		};
		328985942BD17A01009E4A1B /* Resources */ = {
			isa = PBXResourcesBuildPhase;
			buildActionMask = 2147483647;
			files = (
			);
			runOnlyForDeploymentPostprocessing = 0;
		};
		3289859E2BD17A01009E4A1B /* Resources */ = {
			isa = PBXResourcesBuildPhase;
			buildActionMask = 2147483647;
			files = (
			);
			runOnlyForDeploymentPostprocessing = 0;
		};
/* End PBXResourcesBuildPhase section */

/* Begin PBXSourcesBuildPhase section */
		328985822BD179FE009E4A1B /* Sources */ = {
			isa = PBXSourcesBuildPhase;
			buildActionMask = 2147483647;
			files = (
				328985B42BD17A2C009E4A1B /* Friend.swift in Sources */,
				3289858C2BD179FE009E4A1B /* ContentView.swift in Sources */,
				3289858A2BD179FE009E4A1B /* BirthdaysApp.swift in Sources */,
			);
			runOnlyForDeploymentPostprocessing = 0;
		};
		328985922BD17A01009E4A1B /* Sources */ = {
			isa = PBXSourcesBuildPhase;
			buildActionMask = 2147483647;
			files = (
				3289859B2BD17A01009E4A1B /* BirthdaysTests.swift in Sources */,
			);
			runOnlyForDeploymentPostprocessing = 0;
		};
		3289859C2BD17A01009E4A1B /* Sources */ = {
			isa = PBXSourcesBuildPhase;
			buildActionMask = 2147483647;
			files = (
				328985A52BD17A01009E4A1B /* BirthdaysUITests.swift in Sources */,
				328985A72BD17A01009E4A1B /* BirthdaysUITestsLaunchTests.swift in Sources */,
			);
			runOnlyForDeploymentPostprocessing = 0;
		};
/* End PBXSourcesBuildPhase section */

/* Begin PBXTargetDependency section */
		328985982BD17A01009E4A1B /* PBXTargetDependency */ = {
			isa = PBXTargetDependency;
			target = 328985852BD179FE009E4A1B /* Birthdays */;
			targetProxy = 328985972BD17A01009E4A1B /* PBXContainerItemProxy */;
		};
		328985A22BD17A01009E4A1B /* PBXTargetDependency */ = {
			isa = PBXTargetDependency;
			target = 328985852BD179FE009E4A1B /* Birthdays */;
			targetProxy = 328985A12BD17A01009E4A1B /* PBXContainerItemProxy */;
		};
/* End PBXTargetDependency section */

/* Begin XCBuildConfiguration section */
		328985A82BD17A01009E4A1B /* Debug */ = {
			isa = XCBuildConfiguration;
			buildSettings = {
				ALWAYS_SEARCH_USER_PATHS = NO;
				ASSETCATALOG_COMPILER_GENERATE_SWIFT_ASSET_SYMBOL_EXTENSIONS = YES;
				CLANG_ANALYZER_NONNULL = YES;
				CLANG_ANALYZER_NUMBER_OBJECT_CONVERSION = YES_AGGRESSIVE;
				CLANG_CXX_LANGUAGE_STANDARD = "gnu++20";
				CLANG_ENABLE_MODULES = YES;
				CLANG_ENABLE_OBJC_ARC = YES;
				CLANG_ENABLE_OBJC_WEAK = YES;
				CLANG_WARN_BLOCK_CAPTURE_AUTORELEASING = YES;
				CLANG_WARN_BOOL_CONVERSION = YES;
				CLANG_WARN_COMMA = YES;
				CLANG_WARN_CONSTANT_CONVERSION = YES;
				CLANG_WARN_DEPRECATED_OBJC_IMPLEMENTATIONS = YES;
				CLANG_WARN_DIRECT_OBJC_ISA_USAGE = YES_ERROR;
				CLANG_WARN_DOCUMENTATION_COMMENTS = YES;
				CLANG_WARN_EMPTY_BODY = YES;
				CLANG_WARN_ENUM_CONVERSION = YES;
				CLANG_WARN_INFINITE_RECURSION = YES;
				CLANG_WARN_INT_CONVERSION = YES;
				CLANG_WARN_NON_LITERAL_NULL_CONVERSION = YES;
				CLANG_WARN_OBJC_IMPLICIT_RETAIN_SELF = YES;
				CLANG_WARN_OBJC_LITERAL_CONVERSION = YES;
				CLANG_WARN_OBJC_ROOT_CLASS = YES_ERROR;
				CLANG_WARN_QUOTED_INCLUDE_IN_FRAMEWORK_HEADER = YES;
				CLANG_WARN_RANGE_LOOP_ANALYSIS = YES;
				CLANG_WARN_STRICT_PROTOTYPES = YES;
				CLANG_WARN_SUSPICIOUS_MOVE = YES;
				CLANG_WARN_UNGUARDED_AVAILABILITY = YES_AGGRESSIVE;
				CLANG_WARN_UNREACHABLE_CODE = YES;
				CLANG_WARN__DUPLICATE_METHOD_MATCH = YES;
				COPY_PHASE_STRIP = NO;
				DEBUG_INFORMATION_FORMAT = dwarf;
				ENABLE_STRICT_OBJC_MSGSEND = YES;
				ENABLE_TESTABILITY = YES;
				ENABLE_USER_SCRIPT_SANDBOXING = YES;
				GCC_C_LANGUAGE_STANDARD = gnu17;
				GCC_DYNAMIC_NO_PIC = NO;
				GCC_NO_COMMON_BLOCKS = YES;
				GCC_OPTIMIZATION_LEVEL = 0;
				GCC_PREPROCESSOR_DEFINITIONS = (
					"DEBUG=1",
					"$(inherited)",
				);
				GCC_WARN_64_TO_32_BIT_CONVERSION = YES;
				GCC_WARN_ABOUT_RETURN_TYPE = YES_ERROR;
				GCC_WARN_UNDECLARED_SELECTOR = YES;
				GCC_WARN_UNINITIALIZED_AUTOS = YES_AGGRESSIVE;
				GCC_WARN_UNUSED_FUNCTION = YES;
				GCC_WARN_UNUSED_VARIABLE = YES;
				IPHONEOS_DEPLOYMENT_TARGET = 17.4;
				LOCALIZATION_PREFERS_STRING_CATALOGS = YES;
				MTL_ENABLE_DEBUG_INFO = INCLUDE_SOURCE;
				MTL_FAST_MATH = YES;
				ONLY_ACTIVE_ARCH = YES;
				SDKROOT = iphoneos;
				SWIFT_ACTIVE_COMPILATION_CONDITIONS = "DEBUG $(inherited)";
				SWIFT_OPTIMIZATION_LEVEL = "-Onone";
			};
			name = Debug;
		};
		328985A92BD17A01009E4A1B /* Release */ = {
			isa = XCBuildConfiguration;
			buildSettings = {
				ALWAYS_SEARCH_USER_PATHS = NO;
				ASSETCATALOG_COMPILER_GENERATE_SWIFT_ASSET_SYMBOL_EXTENSIONS = YES;
				CLANG_ANALYZER_NONNULL = YES;
				CLANG_ANALYZER_NUMBER_OBJECT_CONVERSION = YES_AGGRESSIVE;
				CLANG_CXX_LANGUAGE_STANDARD = "gnu++20";
				CLANG_ENABLE_MODULES = YES;
				CLANG_ENABLE_OBJC_ARC = YES;
				CLANG_ENABLE_OBJC_WEAK = YES;
				CLANG_WARN_BLOCK_CAPTURE_AUTORELEASING = YES;
				CLANG_WARN_BOOL_CONVERSION = YES;
				CLANG_WARN_COMMA = YES;
				CLANG_WARN_CONSTANT_CONVERSION = YES;
				CLANG_WARN_DEPRECATED_OBJC_IMPLEMENTATIONS = YES;
				CLANG_WARN_DIRECT_OBJC_ISA_USAGE = YES_ERROR;
				CLANG_WARN_DOCUMENTATION_COMMENTS = YES;
				CLANG_WARN_EMPTY_BODY = YES;
				CLANG_WARN_ENUM_CONVERSION = YES;
				CLANG_WARN_INFINITE_RECURSION = YES;
				CLANG_WARN_INT_CONVERSION = YES;
				CLANG_WARN_NON_LITERAL_NULL_CONVERSION = YES;
				CLANG_WARN_OBJC_IMPLICIT_RETAIN_SELF = YES;
				CLANG_WARN_OBJC_LITERAL_CONVERSION = YES;
				CLANG_WARN_OBJC_ROOT_CLASS = YES_ERROR;
				CLANG_WARN_QUOTED_INCLUDE_IN_FRAMEWORK_HEADER = YES;
				CLANG_WARN_RANGE_LOOP_ANALYSIS = YES;
				CLANG_WARN_STRICT_PROTOTYPES = YES;
				CLANG_WARN_SUSPICIOUS_MOVE = YES;
				CLANG_WARN_UNGUARDED_AVAILABILITY = YES_AGGRESSIVE;
				CLANG_WARN_UNREACHABLE_CODE = YES;
				CLANG_WARN__DUPLICATE_METHOD_MATCH = YES;
				COPY_PHASE_STRIP = NO;
				DEBUG_INFORMATION_FORMAT = "dwarf-with-dsym";
				ENABLE_NS_ASSERTIONS = NO;
				ENABLE_STRICT_OBJC_MSGSEND = YES;
				ENABLE_USER_SCRIPT_SANDBOXING = YES;
				GCC_C_LANGUAGE_STANDARD = gnu17;
				GCC_NO_COMMON_BLOCKS = YES;
				GCC_WARN_64_TO_32_BIT_CONVERSION = YES;
				GCC_WARN_ABOUT_RETURN_TYPE = YES_ERROR;
				GCC_WARN_UNDECLARED_SELECTOR = YES;
				GCC_WARN_UNINITIALIZED_AUTOS = YES_AGGRESSIVE;
				GCC_WARN_UNUSED_FUNCTION = YES;
				GCC_WARN_UNUSED_VARIABLE = YES;
				IPHONEOS_DEPLOYMENT_TARGET = 17.4;
				LOCALIZATION_PREFERS_STRING_CATALOGS = YES;
				MTL_ENABLE_DEBUG_INFO = NO;
				MTL_FAST_MATH = YES;
				SDKROOT = iphoneos;
				SWIFT_COMPILATION_MODE = wholemodule;
				VALIDATE_PRODUCT = YES;
			};
			name = Release;
		};
		328985AB2BD17A01009E4A1B /* Debug */ = {
			isa = XCBuildConfiguration;
			buildSettings = {
				ASSETCATALOG_COMPILER_APPICON_NAME = AppIcon;
				ASSETCATALOG_COMPILER_GLOBAL_ACCENT_COLOR_NAME = AccentColor;
				CODE_SIGN_STYLE = Automatic;
				CURRENT_PROJECT_VERSION = 1;
				DEVELOPMENT_ASSET_PATHS = "\"Birthdays/Preview Content\"";
				DEVELOPMENT_TEAM = C6M447TQ83;
				ENABLE_PREVIEWS = YES;
				GENERATE_INFOPLIST_FILE = YES;
				INFOPLIST_KEY_UIApplicationSceneManifest_Generation = YES;
				INFOPLIST_KEY_UIApplicationSupportsIndirectInputEvents = YES;
				INFOPLIST_KEY_UILaunchScreen_Generation = YES;
				INFOPLIST_KEY_UISupportedInterfaceOrientations_iPad = "UIInterfaceOrientationPortrait UIInterfaceOrientationPortraitUpsideDown UIInterfaceOrientationLandscapeLeft UIInterfaceOrientationLandscapeRight";
				INFOPLIST_KEY_UISupportedInterfaceOrientations_iPhone = "UIInterfaceOrientationPortrait UIInterfaceOrientationLandscapeLeft UIInterfaceOrientationLandscapeRight";
				LD_RUNPATH_SEARCH_PATHS = (
					"$(inherited)",
					"@executable_path/Frameworks",
				);
				MARKETING_VERSION = 1.0;
				PRODUCT_BUNDLE_IDENTIFIER = jayellittle.Birthdays;
				PRODUCT_NAME = "$(TARGET_NAME)";
				SWIFT_EMIT_LOC_STRINGS = YES;
				SWIFT_VERSION = 5.0;
				TARGETED_DEVICE_FAMILY = "1,2";
			};
			name = Debug;
		};
		328985AC2BD17A01009E4A1B /* Release */ = {
			isa = XCBuildConfiguration;
			buildSettings = {
				ASSETCATALOG_COMPILER_APPICON_NAME = AppIcon;
				ASSETCATALOG_COMPILER_GLOBAL_ACCENT_COLOR_NAME = AccentColor;
				CODE_SIGN_STYLE = Automatic;
				CURRENT_PROJECT_VERSION = 1;
				DEVELOPMENT_ASSET_PATHS = "\"Birthdays/Preview Content\"";
				DEVELOPMENT_TEAM = C6M447TQ83;
				ENABLE_PREVIEWS = YES;
				GENERATE_INFOPLIST_FILE = YES;
				INFOPLIST_KEY_UIApplicationSceneManifest_Generation = YES;
				INFOPLIST_KEY_UIApplicationSupportsIndirectInputEvents = YES;
				INFOPLIST_KEY_UILaunchScreen_Generation = YES;
				INFOPLIST_KEY_UISupportedInterfaceOrientations_iPad = "UIInterfaceOrientationPortrait UIInterfaceOrientationPortraitUpsideDown UIInterfaceOrientationLandscapeLeft UIInterfaceOrientationLandscapeRight";
				INFOPLIST_KEY_UISupportedInterfaceOrientations_iPhone = "UIInterfaceOrientationPortrait UIInterfaceOrientationLandscapeLeft UIInterfaceOrientationLandscapeRight";
				LD_RUNPATH_SEARCH_PATHS = (
					"$(inherited)",
					"@executable_path/Frameworks",
				);
				MARKETING_VERSION = 1.0;
				PRODUCT_BUNDLE_IDENTIFIER = jayellittle.Birthdays;
				PRODUCT_NAME = "$(TARGET_NAME)";
				SWIFT_EMIT_LOC_STRINGS = YES;
				SWIFT_VERSION = 5.0;
				TARGETED_DEVICE_FAMILY = "1,2";
			};
			name = Release;
		};
		328985AE2BD17A01009E4A1B /* Debug */ = {
			isa = XCBuildConfiguration;
			buildSettings = {
				ALWAYS_EMBED_SWIFT_STANDARD_LIBRARIES = YES;
				BUNDLE_LOADER = "$(TEST_HOST)";
				CODE_SIGN_STYLE = Automatic;
				CURRENT_PROJECT_VERSION = 1;
				DEVELOPMENT_TEAM = C6M447TQ83;
				GENERATE_INFOPLIST_FILE = YES;
				IPHONEOS_DEPLOYMENT_TARGET = 17.4;
				MARKETING_VERSION = 1.0;
				PRODUCT_BUNDLE_IDENTIFIER = jayellittle.BirthdaysTests;
				PRODUCT_NAME = "$(TARGET_NAME)";
				SWIFT_EMIT_LOC_STRINGS = NO;
				SWIFT_VERSION = 5.0;
				TARGETED_DEVICE_FAMILY = "1,2";
				TEST_HOST = "$(BUILT_PRODUCTS_DIR)/Birthdays.app/$(BUNDLE_EXECUTABLE_FOLDER_PATH)/Birthdays";
			};
			name = Debug;
		};
		328985AF2BD17A01009E4A1B /* Release */ = {
			isa = XCBuildConfiguration;
			buildSettings = {
				ALWAYS_EMBED_SWIFT_STANDARD_LIBRARIES = YES;
				BUNDLE_LOADER = "$(TEST_HOST)";
				CODE_SIGN_STYLE = Automatic;
				CURRENT_PROJECT_VERSION = 1;
				DEVELOPMENT_TEAM = C6M447TQ83;
				GENERATE_INFOPLIST_FILE = YES;
				IPHONEOS_DEPLOYMENT_TARGET = 17.4;
				MARKETING_VERSION = 1.0;
				PRODUCT_BUNDLE_IDENTIFIER = jayellittle.BirthdaysTests;
				PRODUCT_NAME = "$(TARGET_NAME)";
				SWIFT_EMIT_LOC_STRINGS = NO;
				SWIFT_VERSION = 5.0;
				TARGETED_DEVICE_FAMILY = "1,2";
				TEST_HOST = "$(BUILT_PRODUCTS_DIR)/Birthdays.app/$(BUNDLE_EXECUTABLE_FOLDER_PATH)/Birthdays";
			};
			name = Release;
		};
		328985B12BD17A01009E4A1B /* Debug */ = {
			isa = XCBuildConfiguration;
			buildSettings = {
				ALWAYS_EMBED_SWIFT_STANDARD_LIBRARIES = YES;
				CODE_SIGN_STYLE = Automatic;
				CURRENT_PROJECT_VERSION = 1;
				DEVELOPMENT_TEAM = C6M447TQ83;
				GENERATE_INFOPLIST_FILE = YES;
				MARKETING_VERSION = 1.0;
				PRODUCT_BUNDLE_IDENTIFIER = jayellittle.BirthdaysUITests;
				PRODUCT_NAME = "$(TARGET_NAME)";
				SWIFT_EMIT_LOC_STRINGS = NO;
				SWIFT_VERSION = 5.0;
				TARGETED_DEVICE_FAMILY = "1,2";
				TEST_TARGET_NAME = Birthdays;
			};
			name = Debug;
		};
		328985B22BD17A01009E4A1B /* Release */ = {
			isa = XCBuildConfiguration;
			buildSettings = {
				ALWAYS_EMBED_SWIFT_STANDARD_LIBRARIES = YES;
				CODE_SIGN_STYLE = Automatic;
				CURRENT_PROJECT_VERSION = 1;
				DEVELOPMENT_TEAM = C6M447TQ83;
				GENERATE_INFOPLIST_FILE = YES;
				MARKETING_VERSION = 1.0;
				PRODUCT_BUNDLE_IDENTIFIER = jayellittle.BirthdaysUITests;
				PRODUCT_NAME = "$(TARGET_NAME)";
				SWIFT_EMIT_LOC_STRINGS = NO;
				SWIFT_VERSION = 5.0;
				TARGETED_DEVICE_FAMILY = "1,2";
				TEST_TARGET_NAME = Birthdays;
			};
			name = Release;
		};
/* End XCBuildConfiguration section */

/* Begin XCConfigurationList section */
		328985812BD179FE009E4A1B /* Build configuration list for PBXProject "Birthdays" */ = {
			isa = XCConfigurationList;
			buildConfigurations = (
				328985A82BD17A01009E4A1B /* Debug */,
				328985A92BD17A01009E4A1B /* Release */,
			);
			defaultConfigurationIsVisible = 0;
			defaultConfigurationName = Release;
		};
		328985AA2BD17A01009E4A1B /* Build configuration list for PBXNativeTarget "Birthdays" */ = {
			isa = XCConfigurationList;
			buildConfigurations = (
				328985AB2BD17A01009E4A1B /* Debug */,
				328985AC2BD17A01009E4A1B /* Release */,
			);
			defaultConfigurationIsVisible = 0;
			defaultConfigurationName = Release;
		};
		328985AD2BD17A01009E4A1B /* Build configuration list for PBXNativeTarget "BirthdaysTests" */ = {
			isa = XCConfigurationList;
			buildConfigurations = (
				328985AE2BD17A01009E4A1B /* Debug */,
				328985AF2BD17A01009E4A1B /* Release */,
			);
			defaultConfigurationIsVisible = 0;
			defaultConfigurationName = Release;
		};
		328985B02BD17A01009E4A1B /* Build configuration list for PBXNativeTarget "BirthdaysUITests" */ = {
			isa = XCConfigurationList;
			buildConfigurations = (
				328985B12BD17A01009E4A1B /* Debug */,
				328985B22BD17A01009E4A1B /* Release */,
			);
			defaultConfigurationIsVisible = 0;
			defaultConfigurationName = Release;
		};
/* End XCConfigurationList section */
	};
	rootObject = 3289857E2BD179FE009E4A1B /* Project object */;
}
